
Microsoft Visual Studio Solution File, Format Version 12.00
# Visual Studio Version 16
VisualStudioVersion = 16.0.32002.261
MinimumVisualStudioVersion = 10.0.40219.1
Project("{FAE04EC0-301F-11D3-BF4B-00C04F79EFBC}") = "mert_software_task.WebFormsUI", "mert_software_task.WebFormsUI\mert_software_task.WebFormsUI.csproj", "{884DCA27-61F1-4DA7-B587-D2906E7877A8}"
EndProject
Global
	GlobalSection(SolutionConfigurationPlatforms) = preSolution
		Debug|Any CPU = Debug|Any CPU
		Release|Any CPU = Release|Any CPU
	EndGlobalSection
	GlobalSection(ProjectConfigurationPlatforms) = postSolution
		{884DCA27-61F1-4DA7-B587-D2906E7877A8}.Debug|Any CPU.ActiveCfg = Debug|Any CPU
		{884DCA27-61F1-4DA7-B587-D2906E7877A8}.Debug|Any CPU.Build.0 = Debug|Any CPU
		{884DCA27-61F1-4DA7-B587-D2906E7877A8}.Release|Any CPU.ActiveCfg = Release|Any CPU
		{884DCA27-61F1-4DA7-B587-D2906E7877A8}.Release|Any CPU.Build.0 = Release|Any CPU
	EndGlobalSection
	GlobalSection(SolutionProperties) = preSolution
		HideSolutionNode = FALSE
	EndGlobalSection
	GlobalSection(ExtensibilityGlobals) = postSolution
		SolutionGuid = {413D76B7-92B6-4DFA-9942-0FB36EAAEA79}
	EndGlobalSection
EndGlobal
